
Microsoft Visual Studio Solution File, Format Version 12.00
# Visual Studio Version 16
VisualStudioVersion = 16.0.29911.84
MinimumVisualStudioVersion = 10.0.40219.1
Project("{FAE04EC0-301F-11D3-BF4B-00C04F79EFBC}") = "Operaciones Aritmeticas-POO", "Operaciones Aritmeticas-POO\Operaciones Aritmeticas-POO.csproj", "{B3934888-2598-49C7-9115-CEB72CC62955}"
EndProject
Global
	GlobalSection(SolutionConfigurationPlatforms) = preSolution
		Debug|Any CPU = Debug|Any CPU
		Release|Any CPU = Release|Any CPU
	EndGlobalSection
	GlobalSection(ProjectConfigurationPlatforms) = postSolution
		{B3934888-2598-49C7-9115-CEB72CC62955}.Debug|Any CPU.ActiveCfg = Debug|Any CPU
		{B3934888-2598-49C7-9115-CEB72CC62955}.Debug|Any CPU.Build.0 = Debug|Any CPU
		{B3934888-2598-49C7-9115-CEB72CC62955}.Release|Any CPU.ActiveCfg = Release|Any CPU
		{B3934888-2598-49C7-9115-CEB72CC62955}.Release|Any CPU.Build.0 = Release|Any CPU
	EndGlobalSection
	GlobalSection(SolutionProperties) = preSolution
		HideSolutionNode = FALSE
	EndGlobalSection
	GlobalSection(ExtensibilityGlobals) = postSolution
		SolutionGuid = {13C91199-A50F-4DA2-BF42-7910D21A4ED5}
	EndGlobalSection
EndGlobal
